
Microsoft Visual Studio Solution File, Format Version 11.00
# Visual Studio 2010
# SharpDevelop 5.0
Project("{FAE04EC0-301F-11D3-BF4B-00C04F79EFBC}") = "MonoNetPortableClientLibraryUtil", "MonoNetPortableClientLibraryUtil.csproj", "{BAFBC66F-FC87-4176-9DAB-C14F02B893F0}"
EndProject
Global
	GlobalSection(SolutionConfigurationPlatforms) = preSolution
		Debug|Any CPU = Debug|Any CPU
		Release|Any CPU = Release|Any CPU
	EndGlobalSection
	GlobalSection(ProjectConfigurationPlatforms) = postSolution
		{BAFBC66F-FC87-4176-9DAB-C14F02B893F0}.Debug|Any CPU.ActiveCfg = Debug|Any CPU
		{BAFBC66F-FC87-4176-9DAB-C14F02B893F0}.Debug|Any CPU.Build.0 = Debug|Any CPU
		{BAFBC66F-FC87-4176-9DAB-C14F02B893F0}.Release|Any CPU.ActiveCfg = Release|Any CPU
		{BAFBC66F-FC87-4176-9DAB-C14F02B893F0}.Release|Any CPU.Build.0 = Release|Any CPU
	EndGlobalSection
EndGlobal
